# This file is automatically @generated by Cargo.
# It is not intended for manual editing.
version = 4

[[package]]
name = "access-unit"
version = "0.1.3"
source = "git+https://github.com/wavey-ai/access-unit.git#80decbb8c7ae0de31755c80c92958665eea28409"
dependencies = [
 "bytes",
]

[[package]]
name = "boxer"
version = "0.1.0"
dependencies = [
 "access-unit",
 "bytes",
]

[[package]]
name = "bytes"
version = "1.8.0"
source = "registry+https://github.com/rust-lang/crates.io-index"
checksum = "9ac0150caa2ae65ca5bd83f25c7de183dea78d4d366469f148435e2acfbad0da"
